
Microsoft Visual Studio Solution File, Format Version 12.00
# Visual Studio Version 17
VisualStudioVersion = 17.7.34024.191
MinimumVisualStudioVersion = 10.0.40219.1
Project("{FAE04EC0-301F-11D3-BF4B-00C04F79EFBC}") = "SqlServerCustom", "SqlServerCustom\SqlServerCustom.csproj", "{D5488238-B72E-4E59-BC8D-D2AD0A10C9A9}"
EndProject
Project("{FAE04EC0-301F-11D3-BF4B-00C04F79EFBC}") = "SqlManagementStudioCustom", "SqlManagementStudioCustom\SqlManagementStudioCustom.csproj", "{62DD393E-6E2C-403C-8759-F8CB6F78E316}"
EndProject
Global
	GlobalSection(SolutionConfigurationPlatforms) = preSolution
		Debug|Any CPU = Debug|Any CPU
		Release|Any CPU = Release|Any CPU
	EndGlobalSection
	GlobalSection(ProjectConfigurationPlatforms) = postSolution
		{D5488238-B72E-4E59-BC8D-D2AD0A10C9A9}.Debug|Any CPU.ActiveCfg = Debug|Any CPU
		{D5488238-B72E-4E59-BC8D-D2AD0A10C9A9}.Debug|Any CPU.Build.0 = Debug|Any CPU
		{D5488238-B72E-4E59-BC8D-D2AD0A10C9A9}.Release|Any CPU.ActiveCfg = Release|Any CPU
		{D5488238-B72E-4E59-BC8D-D2AD0A10C9A9}.Release|Any CPU.Build.0 = Release|Any CPU
		{62DD393E-6E2C-403C-8759-F8CB6F78E316}.Debug|Any CPU.ActiveCfg = Debug|Any CPU
		{62DD393E-6E2C-403C-8759-F8CB6F78E316}.Debug|Any CPU.Build.0 = Debug|Any CPU
		{62DD393E-6E2C-403C-8759-F8CB6F78E316}.Release|Any CPU.ActiveCfg = Release|Any CPU
		{62DD393E-6E2C-403C-8759-F8CB6F78E316}.Release|Any CPU.Build.0 = Release|Any CPU
	EndGlobalSection
	GlobalSection(SolutionProperties) = preSolution
		HideSolutionNode = FALSE
	EndGlobalSection
	GlobalSection(ExtensibilityGlobals) = postSolution
		SolutionGuid = {5B3C8A11-CE20-49D5-81C9-EB6AC2B85209}
	EndGlobalSection
EndGlobal
